
Microsoft Visual Studio Solution File, Format Version 12.00
# Visual Studio Version 17
VisualStudioVersion = 17.7.34018.315
MinimumVisualStudioVersion = 10.0.40219.1
Project("{FAE04EC0-301F-11D3-BF4B-00C04F79EFBC}") = "mathcmd", "mathcmd.csproj", "{BB9B10EC-B59E-4374-8001-748D0D96B58A}"
EndProject
Global
	GlobalSection(SolutionConfigurationPlatforms) = preSolution
		Debug|Any CPU = Debug|Any CPU
		Release|Any CPU = Release|Any CPU
	EndGlobalSection
	GlobalSection(ProjectConfigurationPlatforms) = postSolution
		{BB9B10EC-B59E-4374-8001-748D0D96B58A}.Debug|Any CPU.ActiveCfg = Debug|Any CPU
		{BB9B10EC-B59E-4374-8001-748D0D96B58A}.Debug|Any CPU.Build.0 = Debug|Any CPU
		{BB9B10EC-B59E-4374-8001-748D0D96B58A}.Release|Any CPU.ActiveCfg = Release|Any CPU
		{BB9B10EC-B59E-4374-8001-748D0D96B58A}.Release|Any CPU.Build.0 = Release|Any CPU
	EndGlobalSection
	GlobalSection(SolutionProperties) = preSolution
		HideSolutionNode = FALSE
	EndGlobalSection
	GlobalSection(ExtensibilityGlobals) = postSolution
		SolutionGuid = {052D59C2-F466-48BE-86EE-C693B3B6DA8E}
	EndGlobalSection
EndGlobal
