
Microsoft Visual Studio Solution File, Format Version 12.00
# Visual Studio Version 17
VisualStudioVersion = 17.5.002.0
MinimumVisualStudioVersion = 10.0.40219.1
Project("{2150E333-8FDC-42A3-9474-1A3956D46DE8}") = "Cmd-REPL", "Cmd-REPL", "{C1DB9557-CC4F-48C9-A85C-F82E9EC935E7}"
EndProject
Project("{2150E333-8FDC-42A3-9474-1A3956D46DE8}") = "re", "re", "{A5630E75-A47A-4F51-87B3-E9A7C9314F63}"
EndProject
Project("{2150E333-8FDC-42A3-9474-1A3956D46DE8}") = "math", "math", "{5B7A0B95-D11B-4B68-A612-72A23D9C6E67}"
EndProject
Project("{9A19103F-16F7-4668-BE54-9A1E7A4F7556}") = "mathcmd", "Cmd-REPL\re\math\rere\mathcmd.csproj", "{C8254BFB-D483-4688-B42D-817C9A746B71}"
EndProject
Project("{2150E333-8FDC-42A3-9474-1A3956D46DE8}") = "others", "others", "{79C9C125-EF92-464D-8116-FC8B4373048F}"
EndProject
Project("{2150E333-8FDC-42A3-9474-1A3956D46DE8}") = "re", "re", "{C984E912-C328-412C-A194-DAAAE2562101}"
EndProject
Project("{9A19103F-16F7-4668-BE54-9A1E7A4F7556}") = "2.5 Nested If Statements", "Cmd-REPL\re\others\re\2.5\2.5 Nested If Statements.csproj", "{D9F1DFA7-F3D5-4607-906E-131CCED0C2F5}"
EndProject
Project("{9A19103F-16F7-4668-BE54-9A1E7A4F7556}") = "guessnum", "Cmd-REPL\re\others\re\GuessNum\guessnum.csproj", "{A6B59350-4E38-41B9-B58B-6B6FDBF65710}"
EndProject
Project("{2150E333-8FDC-42A3-9474-1A3956D46DE8}") = "lessons", "lessons", "{612AF3B1-ED8E-464C-BB31-7E4099163262}"
EndProject
Project("{2150E333-8FDC-42A3-9474-1A3956D46DE8}") = "re", "re", "{63F038EA-5B71-4559-8E83-1FC90E35168D}"
EndProject
Project("{2150E333-8FDC-42A3-9474-1A3956D46DE8}") = "cs", "cs", "{DB8F5251-91D1-43A3-9F86-AFEB80921B81}"
EndProject
Project("{9A19103F-16F7-4668-BE54-9A1E7A4F7556}") = "1.1", "Cmd-REPL\re\lessons\re\cs\1.1\1.1.csproj", "{1B8B5E40-812E-4E36-BB81-84A437F537E7}"
EndProject
Project("{9A19103F-16F7-4668-BE54-9A1E7A4F7556}") = "1.2", "Cmd-REPL\re\lessons\re\cs\1.2\1.2.csproj", "{0034C77D-E332-4765-8604-C7D9F06BDF79}"
EndProject
Project("{9A19103F-16F7-4668-BE54-9A1E7A4F7556}") = "1.3", "Cmd-REPL\re\lessons\re\cs\1.3\1.3.csproj", "{28E14E9B-B818-4280-9D78-DD7363A32687}"
EndProject
Project("{9A19103F-16F7-4668-BE54-9A1E7A4F7556}") = "1.4", "Cmd-REPL\re\lessons\re\cs\1.4\1.4.csproj", "{22B1064D-5A95-4968-BE55-AEA16223E7C3}"
EndProject
Project("{9A19103F-16F7-4668-BE54-9A1E7A4F7556}") = "1.5", "Cmd-REPL\re\lessons\re\cs\1.5\1.5.csproj", "{6F0EA05B-49C4-4FA8-8549-99C22C6B043B}"
EndProject
Project("{9A19103F-16F7-4668-BE54-9A1E7A4F7556}") = "1.6", "Cmd-REPL\re\lessons\re\cs\1.6\1.6.csproj", "{335F1F16-6715-4168-8F7A-95AB31D824A4}"
EndProject
Project("{9A19103F-16F7-4668-BE54-9A1E7A4F7556}") = "1.7", "Cmd-REPL\re\lessons\re\cs\1.7\1.7.csproj", "{E2542EFB-FBD8-4FC2-9D29-F35110FAB521}"
EndProject
Project("{9A19103F-16F7-4668-BE54-9A1E7A4F7556}") = "1.8", "Cmd-REPL\re\lessons\re\cs\1.8\1.8.csproj", "{DF46EE91-07C9-41CB-97C2-0AC1CCF4F7F7}"
EndProject
Project("{9A19103F-16F7-4668-BE54-9A1E7A4F7556}") = "2.1", "Cmd-REPL\re\lessons\re\cs\2.1\2.1.csproj", "{62683D86-A315-4516-9661-97EB3D3D8C6C}"
EndProject
Project("{9A19103F-16F7-4668-BE54-9A1E7A4F7556}") = "2.2", "Cmd-REPL\re\lessons\re\cs\2.2\2.2.csproj", "{3F21C3CE-C787-4E28-8E92-DC0EEB44783C}"
EndProject
Project("{9A19103F-16F7-4668-BE54-9A1E7A4F7556}") = "2.3", "Cmd-REPL\re\lessons\re\cs\2.3\2.3.csproj", "{DAE835DD-0B1B-44DC-A85A-8C8642478B0C}"
EndProject
Project("{9A19103F-16F7-4668-BE54-9A1E7A4F7556}") = "2.4", "Cmd-REPL\re\lessons\re\cs\2.4\2.4.csproj", "{26F800FD-6259-44E9-A08C-1C7DF7C0CB8E}"
EndProject
Project("{9A19103F-16F7-4668-BE54-9A1E7A4F7556}") = "2.10", "Cmd-REPL\re\lessons\re\cs\2.10\2.10.csproj", "{B09A92C8-6125-46FE-A0FE-2B861FC56C90}"
EndProject
Global
	GlobalSection(SolutionConfigurationPlatforms) = preSolution
		Debug|Any CPU = Debug|Any CPU
		Release|Any CPU = Release|Any CPU
	EndGlobalSection
	GlobalSection(ProjectConfigurationPlatforms) = postSolution
		{C8254BFB-D483-4688-B42D-817C9A746B71}.Debug|Any CPU.ActiveCfg = Debug|Any CPU
		{C8254BFB-D483-4688-B42D-817C9A746B71}.Debug|Any CPU.Build.0 = Debug|Any CPU
		{C8254BFB-D483-4688-B42D-817C9A746B71}.Release|Any CPU.ActiveCfg = Release|Any CPU
		{C8254BFB-D483-4688-B42D-817C9A746B71}.Release|Any CPU.Build.0 = Release|Any CPU
		{D9F1DFA7-F3D5-4607-906E-131CCED0C2F5}.Debug|Any CPU.ActiveCfg = Debug|Any CPU
		{D9F1DFA7-F3D5-4607-906E-131CCED0C2F5}.Debug|Any CPU.Build.0 = Debug|Any CPU
		{D9F1DFA7-F3D5-4607-906E-131CCED0C2F5}.Release|Any CPU.ActiveCfg = Release|Any CPU
		{D9F1DFA7-F3D5-4607-906E-131CCED0C2F5}.Release|Any CPU.Build.0 = Release|Any CPU
		{A6B59350-4E38-41B9-B58B-6B6FDBF65710}.Debug|Any CPU.ActiveCfg = Debug|Any CPU
		{A6B59350-4E38-41B9-B58B-6B6FDBF65710}.Debug|Any CPU.Build.0 = Debug|Any CPU
		{A6B59350-4E38-41B9-B58B-6B6FDBF65710}.Release|Any CPU.ActiveCfg = Release|Any CPU
		{A6B59350-4E38-41B9-B58B-6B6FDBF65710}.Release|Any CPU.Build.0 = Release|Any CPU
		{1B8B5E40-812E-4E36-BB81-84A437F537E7}.Debug|Any CPU.ActiveCfg = Debug|Any CPU
		{1B8B5E40-812E-4E36-BB81-84A437F537E7}.Debug|Any CPU.Build.0 = Debug|Any CPU
		{1B8B5E40-812E-4E36-BB81-84A437F537E7}.Release|Any CPU.ActiveCfg = Release|Any CPU
		{1B8B5E40-812E-4E36-BB81-84A437F537E7}.Release|Any CPU.Build.0 = Release|Any CPU
		{0034C77D-E332-4765-8604-C7D9F06BDF79}.Debug|Any CPU.ActiveCfg = Debug|Any CPU
		{0034C77D-E332-4765-8604-C7D9F06BDF79}.Debug|Any CPU.Build.0 = Debug|Any CPU
		{0034C77D-E332-4765-8604-C7D9F06BDF79}.Release|Any CPU.ActiveCfg = Release|Any CPU
		{0034C77D-E332-4765-8604-C7D9F06BDF79}.Release|Any CPU.Build.0 = Release|Any CPU
		{28E14E9B-B818-4280-9D78-DD7363A32687}.Debug|Any CPU.ActiveCfg = Debug|Any CPU
		{28E14E9B-B818-4280-9D78-DD7363A32687}.Debug|Any CPU.Build.0 = Debug|Any CPU
		{28E14E9B-B818-4280-9D78-DD7363A32687}.Release|Any CPU.ActiveCfg = Release|Any CPU
		{28E14E9B-B818-4280-9D78-DD7363A32687}.Release|Any CPU.Build.0 = Release|Any CPU
		{22B1064D-5A95-4968-BE55-AEA16223E7C3}.Debug|Any CPU.ActiveCfg = Debug|Any CPU
		{22B1064D-5A95-4968-BE55-AEA16223E7C3}.Debug|Any CPU.Build.0 = Debug|Any CPU
		{22B1064D-5A95-4968-BE55-AEA16223E7C3}.Release|Any CPU.ActiveCfg = Release|Any CPU
		{22B1064D-5A95-4968-BE55-AEA16223E7C3}.Release|Any CPU.Build.0 = Release|Any CPU
		{6F0EA05B-49C4-4FA8-8549-99C22C6B043B}.Debug|Any CPU.ActiveCfg = Debug|Any CPU
		{6F0EA05B-49C4-4FA8-8549-99C22C6B043B}.Debug|Any CPU.Build.0 = Debug|Any CPU
		{6F0EA05B-49C4-4FA8-8549-99C22C6B043B}.Release|Any CPU.ActiveCfg = Release|Any CPU
		{6F0EA05B-49C4-4FA8-8549-99C22C6B043B}.Release|Any CPU.Build.0 = Release|Any CPU
		{335F1F16-6715-4168-8F7A-95AB31D824A4}.Debug|Any CPU.ActiveCfg = Debug|Any CPU
		{335F1F16-6715-4168-8F7A-95AB31D824A4}.Debug|Any CPU.Build.0 = Debug|Any CPU
		{335F1F16-6715-4168-8F7A-95AB31D824A4}.Release|Any CPU.ActiveCfg = Release|Any CPU
		{335F1F16-6715-4168-8F7A-95AB31D824A4}.Release|Any CPU.Build.0 = Release|Any CPU
		{E2542EFB-FBD8-4FC2-9D29-F35110FAB521}.Debug|Any CPU.ActiveCfg = Debug|Any CPU
		{E2542EFB-FBD8-4FC2-9D29-F35110FAB521}.Debug|Any CPU.Build.0 = Debug|Any CPU
		{E2542EFB-FBD8-4FC2-9D29-F35110FAB521}.Release|Any CPU.ActiveCfg = Release|Any CPU
		{E2542EFB-FBD8-4FC2-9D29-F35110FAB521}.Release|Any CPU.Build.0 = Release|Any CPU
		{DF46EE91-07C9-41CB-97C2-0AC1CCF4F7F7}.Debug|Any CPU.ActiveCfg = Debug|Any CPU
		{DF46EE91-07C9-41CB-97C2-0AC1CCF4F7F7}.Debug|Any CPU.Build.0 = Debug|Any CPU
		{DF46EE91-07C9-41CB-97C2-0AC1CCF4F7F7}.Release|Any CPU.ActiveCfg = Release|Any CPU
		{DF46EE91-07C9-41CB-97C2-0AC1CCF4F7F7}.Release|Any CPU.Build.0 = Release|Any CPU
		{62683D86-A315-4516-9661-97EB3D3D8C6C}.Debug|Any CPU.ActiveCfg = Debug|Any CPU
		{62683D86-A315-4516-9661-97EB3D3D8C6C}.Debug|Any CPU.Build.0 = Debug|Any CPU
		{62683D86-A315-4516-9661-97EB3D3D8C6C}.Release|Any CPU.ActiveCfg = Release|Any CPU
		{62683D86-A315-4516-9661-97EB3D3D8C6C}.Release|Any CPU.Build.0 = Release|Any CPU
		{3F21C3CE-C787-4E28-8E92-DC0EEB44783C}.Debug|Any CPU.ActiveCfg = Debug|Any CPU
		{3F21C3CE-C787-4E28-8E92-DC0EEB44783C}.Debug|Any CPU.Build.0 = Debug|Any CPU
		{3F21C3CE-C787-4E28-8E92-DC0EEB44783C}.Release|Any CPU.ActiveCfg = Release|Any CPU
		{3F21C3CE-C787-4E28-8E92-DC0EEB44783C}.Release|Any CPU.Build.0 = Release|Any CPU
		{DAE835DD-0B1B-44DC-A85A-8C8642478B0C}.Debug|Any CPU.ActiveCfg = Debug|Any CPU
		{DAE835DD-0B1B-44DC-A85A-8C8642478B0C}.Debug|Any CPU.Build.0 = Debug|Any CPU
		{DAE835DD-0B1B-44DC-A85A-8C8642478B0C}.Release|Any CPU.ActiveCfg = Release|Any CPU
		{DAE835DD-0B1B-44DC-A85A-8C8642478B0C}.Release|Any CPU.Build.0 = Release|Any CPU
		{26F800FD-6259-44E9-A08C-1C7DF7C0CB8E}.Debug|Any CPU.ActiveCfg = Debug|Any CPU
		{26F800FD-6259-44E9-A08C-1C7DF7C0CB8E}.Debug|Any CPU.Build.0 = Debug|Any CPU
		{26F800FD-6259-44E9-A08C-1C7DF7C0CB8E}.Release|Any CPU.ActiveCfg = Release|Any CPU
		{26F800FD-6259-44E9-A08C-1C7DF7C0CB8E}.Release|Any CPU.Build.0 = Release|Any CPU
		{B09A92C8-6125-46FE-A0FE-2B861FC56C90}.Debug|Any CPU.ActiveCfg = Debug|Any CPU
		{B09A92C8-6125-46FE-A0FE-2B861FC56C90}.Debug|Any CPU.Build.0 = Debug|Any CPU
		{B09A92C8-6125-46FE-A0FE-2B861FC56C90}.Release|Any CPU.ActiveCfg = Release|Any CPU
		{B09A92C8-6125-46FE-A0FE-2B861FC56C90}.Release|Any CPU.Build.0 = Release|Any CPU
	EndGlobalSection
	GlobalSection(SolutionProperties) = preSolution
		HideSolutionNode = FALSE
	EndGlobalSection
	GlobalSection(NestedProjects) = preSolution
		{A5630E75-A47A-4F51-87B3-E9A7C9314F63} = {C1DB9557-CC4F-48C9-A85C-F82E9EC935E7}
		{5B7A0B95-D11B-4B68-A612-72A23D9C6E67} = {A5630E75-A47A-4F51-87B3-E9A7C9314F63}
		{C8254BFB-D483-4688-B42D-817C9A746B71} = {5B7A0B95-D11B-4B68-A612-72A23D9C6E67}
		{79C9C125-EF92-464D-8116-FC8B4373048F} = {A5630E75-A47A-4F51-87B3-E9A7C9314F63}
		{C984E912-C328-412C-A194-DAAAE2562101} = {79C9C125-EF92-464D-8116-FC8B4373048F}
		{D9F1DFA7-F3D5-4607-906E-131CCED0C2F5} = {C984E912-C328-412C-A194-DAAAE2562101}
		{A6B59350-4E38-41B9-B58B-6B6FDBF65710} = {C984E912-C328-412C-A194-DAAAE2562101}
		{612AF3B1-ED8E-464C-BB31-7E4099163262} = {A5630E75-A47A-4F51-87B3-E9A7C9314F63}
		{63F038EA-5B71-4559-8E83-1FC90E35168D} = {612AF3B1-ED8E-464C-BB31-7E4099163262}
		{DB8F5251-91D1-43A3-9F86-AFEB80921B81} = {63F038EA-5B71-4559-8E83-1FC90E35168D}
		{1B8B5E40-812E-4E36-BB81-84A437F537E7} = {DB8F5251-91D1-43A3-9F86-AFEB80921B81}
		{0034C77D-E332-4765-8604-C7D9F06BDF79} = {DB8F5251-91D1-43A3-9F86-AFEB80921B81}
		{28E14E9B-B818-4280-9D78-DD7363A32687} = {DB8F5251-91D1-43A3-9F86-AFEB80921B81}
		{22B1064D-5A95-4968-BE55-AEA16223E7C3} = {DB8F5251-91D1-43A3-9F86-AFEB80921B81}
		{6F0EA05B-49C4-4FA8-8549-99C22C6B043B} = {DB8F5251-91D1-43A3-9F86-AFEB80921B81}
		{335F1F16-6715-4168-8F7A-95AB31D824A4} = {DB8F5251-91D1-43A3-9F86-AFEB80921B81}
		{E2542EFB-FBD8-4FC2-9D29-F35110FAB521} = {DB8F5251-91D1-43A3-9F86-AFEB80921B81}
		{DF46EE91-07C9-41CB-97C2-0AC1CCF4F7F7} = {DB8F5251-91D1-43A3-9F86-AFEB80921B81}
		{62683D86-A315-4516-9661-97EB3D3D8C6C} = {DB8F5251-91D1-43A3-9F86-AFEB80921B81}
		{3F21C3CE-C787-4E28-8E92-DC0EEB44783C} = {DB8F5251-91D1-43A3-9F86-AFEB80921B81}
		{DAE835DD-0B1B-44DC-A85A-8C8642478B0C} = {DB8F5251-91D1-43A3-9F86-AFEB80921B81}
		{26F800FD-6259-44E9-A08C-1C7DF7C0CB8E} = {DB8F5251-91D1-43A3-9F86-AFEB80921B81}
		{B09A92C8-6125-46FE-A0FE-2B861FC56C90} = {DB8F5251-91D1-43A3-9F86-AFEB80921B81}
	EndGlobalSection
	GlobalSection(ExtensibilityGlobals) = postSolution
		SolutionGuid = {7BD5EBD6-911F-428E-8336-FE1219881EDC}
	EndGlobalSection
EndGlobal
