
Microsoft Visual Studio Solution File, Format Version 12.00
# Visual Studio Version 17
VisualStudioVersion = 17.5.002.0
MinimumVisualStudioVersion = 10.0.40219.1
Project("{2150E333-8FDC-42A3-9474-1A3956D46DE8}") = "Cmd-REPL", "Cmd-REPL", "{C1DB9557-CC4F-48C9-A85C-F82E9EC935E7}"
EndProject
Project("{2150E333-8FDC-42A3-9474-1A3956D46DE8}") = "re", "re", "{A5630E75-A47A-4F51-87B3-E9A7C9314F63}"
EndProject
Project("{2150E333-8FDC-42A3-9474-1A3956D46DE8}") = "math", "math", "{5B7A0B95-D11B-4B68-A612-72A23D9C6E67}"
EndProject
Project("{9A19103F-16F7-4668-BE54-9A1E7A4F7556}") = "mathcmd", "Cmd-REPL\re\math\rere\mathcmd.csproj", "{C8254BFB-D483-4688-B42D-817C9A746B71}"
EndProject
Project("{2150E333-8FDC-42A3-9474-1A3956D46DE8}") = "others", "others", "{79C9C125-EF92-464D-8116-FC8B4373048F}"
EndProject
Project("{2150E333-8FDC-42A3-9474-1A3956D46DE8}") = "re", "re", "{C984E912-C328-412C-A194-DAAAE2562101}"
EndProject
Project("{9A19103F-16F7-4668-BE54-9A1E7A4F7556}") = "2.5 Nested If Statements", "Cmd-REPL\re\others\re\2.5\2.5 Nested If Statements.csproj", "{D9F1DFA7-F3D5-4607-906E-131CCED0C2F5}"
EndProject
Project("{9A19103F-16F7-4668-BE54-9A1E7A4F7556}") = "guessnum", "Cmd-REPL\re\others\re\GuessNum\guessnum.csproj", "{A6B59350-4E38-41B9-B58B-6B6FDBF65710}"
EndProject
Project("{2150E333-8FDC-42A3-9474-1A3956D46DE8}") = "lessons", "lessons", "{612AF3B1-ED8E-464C-BB31-7E4099163262}"
EndProject
Project("{2150E333-8FDC-42A3-9474-1A3956D46DE8}") = "re", "re", "{63F038EA-5B71-4559-8E83-1FC90E35168D}"
EndProject
Project("{2150E333-8FDC-42A3-9474-1A3956D46DE8}") = "cs", "cs", "{DB8F5251-91D1-43A3-9F86-AFEB80921B81}"
EndProject
Project("{9A19103F-16F7-4668-BE54-9A1E7A4F7556}") = "main", "Cmd-REPL\re\lessons\re\cs\1.1\main.csproj", "{9607ACA8-B7C6-4E77-B310-038B1991E910}"
EndProject
Project("{9A19103F-16F7-4668-BE54-9A1E7A4F7556}") = "Project", "Cmd-REPL\re\lessons\re\cs\1.2\Project.csproj", "{F823E421-9F66-4953-AD78-7ED6D228AE59}"
EndProject
Project("{9A19103F-16F7-4668-BE54-9A1E7A4F7556}") = "main (1)", "Cmd-REPL\re\lessons\re\cs\1.3\main.csproj", "{D3FB7B46-FE2A-4B78-BB04-EC4B834194C2}"
EndProject
Project("{9A19103F-16F7-4668-BE54-9A1E7A4F7556}") = "Project (1)", "Cmd-REPL\re\lessons\re\cs\1.4\Project.csproj", "{8D280F4F-4203-4F6B-B8A7-F8A29B04726F}"
EndProject
Project("{9A19103F-16F7-4668-BE54-9A1E7A4F7556}") = "Project (2)", "Cmd-REPL\re\lessons\re\cs\1.5\Project.csproj", "{3E9024CB-650D-489B-B351-4E2967ECC5B4}"
EndProject
Project("{9A19103F-16F7-4668-BE54-9A1E7A4F7556}") = "main (2)", "Cmd-REPL\re\lessons\re\cs\1.6\main.csproj", "{12516BC3-3DE1-4FE2-9B7E-E63FB229CDFC}"
EndProject
Project("{9A19103F-16F7-4668-BE54-9A1E7A4F7556}") = "main (3)", "Cmd-REPL\re\lessons\re\cs\1.7\main.csproj", "{AB08AB70-95D3-47F0-866C-3C39EE07AB47}"
EndProject
Project("{9A19103F-16F7-4668-BE54-9A1E7A4F7556}") = "main (4)", "Cmd-REPL\re\lessons\re\cs\1.8\main.csproj", "{C2485E3B-0B43-4F03-91AD-79B40B678A09}"
EndProject
Project("{9A19103F-16F7-4668-BE54-9A1E7A4F7556}") = "main (5)", "Cmd-REPL\re\lessons\re\cs\2.1\main.csproj", "{323050B2-0F58-4370-B4F2-9A0B6B2C8226}"
EndProject
Project("{9A19103F-16F7-4668-BE54-9A1E7A4F7556}") = "main (6)", "Cmd-REPL\re\lessons\re\cs\2.10\main.csproj", "{8F76DE3C-4F54-49C7-95DC-38483FED6D59}"
EndProject
Project("{9A19103F-16F7-4668-BE54-9A1E7A4F7556}") = "main (7)", "Cmd-REPL\re\lessons\re\cs\2.2\main.csproj", "{5A064BC0-D971-4E62-8290-C15783145998}"
EndProject
Project("{9A19103F-16F7-4668-BE54-9A1E7A4F7556}") = "main (8)", "Cmd-REPL\re\lessons\re\cs\2.3\main.csproj", "{EED48BCF-8530-45DE-A9EF-A8A5F45A617A}"
EndProject
Project("{9A19103F-16F7-4668-BE54-9A1E7A4F7556}") = "main (9)", "Cmd-REPL\re\lessons\re\cs\2.4\main.csproj", "{37CA933D-83BA-46E6-8AFD-54C234D37F9E}"
EndProject
Project("{9A19103F-16F7-4668-BE54-9A1E7A4F7556}") = "main (10)", "Cmd-REPL\re\lessons\re\cs\2.6\main.csproj", "{C8E9343E-09F4-4D62-BF72-45E2BF2931C6}"
EndProject
Project("{9A19103F-16F7-4668-BE54-9A1E7A4F7556}") = "main (11)", "Cmd-REPL\re\lessons\re\cs\2.7\main.csproj", "{29085AFB-3A21-4CC0-BDC9-4FDBDB061513}"
EndProject
Project("{9A19103F-16F7-4668-BE54-9A1E7A4F7556}") = "main (12)", "Cmd-REPL\re\lessons\re\cs\2.8\main.csproj", "{AC5CFC4C-1EA7-4E7A-8D3F-0CFDDB0E67DE}"
EndProject
Project("{9A19103F-16F7-4668-BE54-9A1E7A4F7556}") = "main (13)", "Cmd-REPL\re\lessons\re\cs\3.1\main.csproj", "{AA78D162-9146-493A-B98D-0601B08EF58E}"
EndProject
Project("{9A19103F-16F7-4668-BE54-9A1E7A4F7556}") = "main (14)", "Cmd-REPL\re\lessons\re\cs\3.2\main.csproj", "{A28A0E9F-2418-4CEA-A70E-D3A88B070456}"
EndProject
Project("{9A19103F-16F7-4668-BE54-9A1E7A4F7556}") = "Project (3)", "Cmd-REPL\re\lessons\re\cs\3.3\Project.csproj", "{A4F734E2-C7C6-4C19-94B6-49DDCD05E04A}"
EndProject
Project("{9A19103F-16F7-4668-BE54-9A1E7A4F7556}") = "Project (4)", "Cmd-REPL\re\lessons\re\cs\3.4\Project.csproj", "{DA822396-DA4F-45CC-8AE5-A5A34223C5B4}"
EndProject
Project("{9A19103F-16F7-4668-BE54-9A1E7A4F7556}") = "Project (5)", "Cmd-REPL\re\lessons\re\cs\3.5\Project.csproj", "{D6AC4F46-B8E1-4409-BF2E-BECE3287B2E2}"
EndProject
Project("{9A19103F-16F7-4668-BE54-9A1E7A4F7556}") = "main (15)", "Cmd-REPL\re\lessons\re\cs\4.1\main.csproj", "{DF721197-76E5-4BAF-9CCC-3F085B8BDA7D}"
EndProject
Project("{9A19103F-16F7-4668-BE54-9A1E7A4F7556}") = "Project (6)", "Cmd-REPL\re\lessons\re\cs\4.2\Project.csproj", "{5158F4A6-6980-4BAB-8F70-5733F7479186}"
EndProject
Global
	GlobalSection(SolutionConfigurationPlatforms) = preSolution
		Debug|Any CPU = Debug|Any CPU
		Release|Any CPU = Release|Any CPU
	EndGlobalSection
	GlobalSection(ProjectConfigurationPlatforms) = postSolution
		{C8254BFB-D483-4688-B42D-817C9A746B71}.Debug|Any CPU.ActiveCfg = Debug|Any CPU
		{C8254BFB-D483-4688-B42D-817C9A746B71}.Debug|Any CPU.Build.0 = Debug|Any CPU
		{C8254BFB-D483-4688-B42D-817C9A746B71}.Release|Any CPU.ActiveCfg = Release|Any CPU
		{C8254BFB-D483-4688-B42D-817C9A746B71}.Release|Any CPU.Build.0 = Release|Any CPU
		{D9F1DFA7-F3D5-4607-906E-131CCED0C2F5}.Debug|Any CPU.ActiveCfg = Debug|Any CPU
		{D9F1DFA7-F3D5-4607-906E-131CCED0C2F5}.Debug|Any CPU.Build.0 = Debug|Any CPU
		{D9F1DFA7-F3D5-4607-906E-131CCED0C2F5}.Release|Any CPU.ActiveCfg = Release|Any CPU
		{D9F1DFA7-F3D5-4607-906E-131CCED0C2F5}.Release|Any CPU.Build.0 = Release|Any CPU
		{A6B59350-4E38-41B9-B58B-6B6FDBF65710}.Debug|Any CPU.ActiveCfg = Debug|Any CPU
		{A6B59350-4E38-41B9-B58B-6B6FDBF65710}.Debug|Any CPU.Build.0 = Debug|Any CPU
		{A6B59350-4E38-41B9-B58B-6B6FDBF65710}.Release|Any CPU.ActiveCfg = Release|Any CPU
		{A6B59350-4E38-41B9-B58B-6B6FDBF65710}.Release|Any CPU.Build.0 = Release|Any CPU
		{9607ACA8-B7C6-4E77-B310-038B1991E910}.Debug|Any CPU.ActiveCfg = Debug|Any CPU
		{9607ACA8-B7C6-4E77-B310-038B1991E910}.Debug|Any CPU.Build.0 = Debug|Any CPU
		{9607ACA8-B7C6-4E77-B310-038B1991E910}.Release|Any CPU.ActiveCfg = Release|Any CPU
		{9607ACA8-B7C6-4E77-B310-038B1991E910}.Release|Any CPU.Build.0 = Release|Any CPU
		{F823E421-9F66-4953-AD78-7ED6D228AE59}.Debug|Any CPU.ActiveCfg = Debug|Any CPU
		{F823E421-9F66-4953-AD78-7ED6D228AE59}.Debug|Any CPU.Build.0 = Debug|Any CPU
		{F823E421-9F66-4953-AD78-7ED6D228AE59}.Release|Any CPU.ActiveCfg = Release|Any CPU
		{F823E421-9F66-4953-AD78-7ED6D228AE59}.Release|Any CPU.Build.0 = Release|Any CPU
		{D3FB7B46-FE2A-4B78-BB04-EC4B834194C2}.Debug|Any CPU.ActiveCfg = Debug|Any CPU
		{D3FB7B46-FE2A-4B78-BB04-EC4B834194C2}.Debug|Any CPU.Build.0 = Debug|Any CPU
		{D3FB7B46-FE2A-4B78-BB04-EC4B834194C2}.Release|Any CPU.ActiveCfg = Release|Any CPU
		{D3FB7B46-FE2A-4B78-BB04-EC4B834194C2}.Release|Any CPU.Build.0 = Release|Any CPU
		{8D280F4F-4203-4F6B-B8A7-F8A29B04726F}.Debug|Any CPU.ActiveCfg = Debug|Any CPU
		{8D280F4F-4203-4F6B-B8A7-F8A29B04726F}.Debug|Any CPU.Build.0 = Debug|Any CPU
		{8D280F4F-4203-4F6B-B8A7-F8A29B04726F}.Release|Any CPU.ActiveCfg = Release|Any CPU
		{8D280F4F-4203-4F6B-B8A7-F8A29B04726F}.Release|Any CPU.Build.0 = Release|Any CPU
		{3E9024CB-650D-489B-B351-4E2967ECC5B4}.Debug|Any CPU.ActiveCfg = Debug|Any CPU
		{3E9024CB-650D-489B-B351-4E2967ECC5B4}.Debug|Any CPU.Build.0 = Debug|Any CPU
		{3E9024CB-650D-489B-B351-4E2967ECC5B4}.Release|Any CPU.ActiveCfg = Release|Any CPU
		{3E9024CB-650D-489B-B351-4E2967ECC5B4}.Release|Any CPU.Build.0 = Release|Any CPU
		{12516BC3-3DE1-4FE2-9B7E-E63FB229CDFC}.Debug|Any CPU.ActiveCfg = Debug|Any CPU
		{12516BC3-3DE1-4FE2-9B7E-E63FB229CDFC}.Debug|Any CPU.Build.0 = Debug|Any CPU
		{12516BC3-3DE1-4FE2-9B7E-E63FB229CDFC}.Release|Any CPU.ActiveCfg = Release|Any CPU
		{12516BC3-3DE1-4FE2-9B7E-E63FB229CDFC}.Release|Any CPU.Build.0 = Release|Any CPU
		{AB08AB70-95D3-47F0-866C-3C39EE07AB47}.Debug|Any CPU.ActiveCfg = Debug|Any CPU
		{AB08AB70-95D3-47F0-866C-3C39EE07AB47}.Debug|Any CPU.Build.0 = Debug|Any CPU
		{AB08AB70-95D3-47F0-866C-3C39EE07AB47}.Release|Any CPU.ActiveCfg = Release|Any CPU
		{AB08AB70-95D3-47F0-866C-3C39EE07AB47}.Release|Any CPU.Build.0 = Release|Any CPU
		{C2485E3B-0B43-4F03-91AD-79B40B678A09}.Debug|Any CPU.ActiveCfg = Debug|Any CPU
		{C2485E3B-0B43-4F03-91AD-79B40B678A09}.Debug|Any CPU.Build.0 = Debug|Any CPU
		{C2485E3B-0B43-4F03-91AD-79B40B678A09}.Release|Any CPU.ActiveCfg = Release|Any CPU
		{C2485E3B-0B43-4F03-91AD-79B40B678A09}.Release|Any CPU.Build.0 = Release|Any CPU
		{323050B2-0F58-4370-B4F2-9A0B6B2C8226}.Debug|Any CPU.ActiveCfg = Debug|Any CPU
		{323050B2-0F58-4370-B4F2-9A0B6B2C8226}.Debug|Any CPU.Build.0 = Debug|Any CPU
		{323050B2-0F58-4370-B4F2-9A0B6B2C8226}.Release|Any CPU.ActiveCfg = Release|Any CPU
		{323050B2-0F58-4370-B4F2-9A0B6B2C8226}.Release|Any CPU.Build.0 = Release|Any CPU
		{8F76DE3C-4F54-49C7-95DC-38483FED6D59}.Debug|Any CPU.ActiveCfg = Debug|Any CPU
		{8F76DE3C-4F54-49C7-95DC-38483FED6D59}.Debug|Any CPU.Build.0 = Debug|Any CPU
		{8F76DE3C-4F54-49C7-95DC-38483FED6D59}.Release|Any CPU.ActiveCfg = Release|Any CPU
		{8F76DE3C-4F54-49C7-95DC-38483FED6D59}.Release|Any CPU.Build.0 = Release|Any CPU
		{5A064BC0-D971-4E62-8290-C15783145998}.Debug|Any CPU.ActiveCfg = Debug|Any CPU
		{5A064BC0-D971-4E62-8290-C15783145998}.Debug|Any CPU.Build.0 = Debug|Any CPU
		{5A064BC0-D971-4E62-8290-C15783145998}.Release|Any CPU.ActiveCfg = Release|Any CPU
		{5A064BC0-D971-4E62-8290-C15783145998}.Release|Any CPU.Build.0 = Release|Any CPU
		{EED48BCF-8530-45DE-A9EF-A8A5F45A617A}.Debug|Any CPU.ActiveCfg = Debug|Any CPU
		{EED48BCF-8530-45DE-A9EF-A8A5F45A617A}.Debug|Any CPU.Build.0 = Debug|Any CPU
		{EED48BCF-8530-45DE-A9EF-A8A5F45A617A}.Release|Any CPU.ActiveCfg = Release|Any CPU
		{EED48BCF-8530-45DE-A9EF-A8A5F45A617A}.Release|Any CPU.Build.0 = Release|Any CPU
		{37CA933D-83BA-46E6-8AFD-54C234D37F9E}.Debug|Any CPU.ActiveCfg = Debug|Any CPU
		{37CA933D-83BA-46E6-8AFD-54C234D37F9E}.Debug|Any CPU.Build.0 = Debug|Any CPU
		{37CA933D-83BA-46E6-8AFD-54C234D37F9E}.Release|Any CPU.ActiveCfg = Release|Any CPU
		{37CA933D-83BA-46E6-8AFD-54C234D37F9E}.Release|Any CPU.Build.0 = Release|Any CPU
		{C8E9343E-09F4-4D62-BF72-45E2BF2931C6}.Debug|Any CPU.ActiveCfg = Debug|Any CPU
		{C8E9343E-09F4-4D62-BF72-45E2BF2931C6}.Debug|Any CPU.Build.0 = Debug|Any CPU
		{C8E9343E-09F4-4D62-BF72-45E2BF2931C6}.Release|Any CPU.ActiveCfg = Release|Any CPU
		{C8E9343E-09F4-4D62-BF72-45E2BF2931C6}.Release|Any CPU.Build.0 = Release|Any CPU
		{29085AFB-3A21-4CC0-BDC9-4FDBDB061513}.Debug|Any CPU.ActiveCfg = Debug|Any CPU
		{29085AFB-3A21-4CC0-BDC9-4FDBDB061513}.Debug|Any CPU.Build.0 = Debug|Any CPU
		{29085AFB-3A21-4CC0-BDC9-4FDBDB061513}.Release|Any CPU.ActiveCfg = Release|Any CPU
		{29085AFB-3A21-4CC0-BDC9-4FDBDB061513}.Release|Any CPU.Build.0 = Release|Any CPU
		{AC5CFC4C-1EA7-4E7A-8D3F-0CFDDB0E67DE}.Debug|Any CPU.ActiveCfg = Debug|Any CPU
		{AC5CFC4C-1EA7-4E7A-8D3F-0CFDDB0E67DE}.Debug|Any CPU.Build.0 = Debug|Any CPU
		{AC5CFC4C-1EA7-4E7A-8D3F-0CFDDB0E67DE}.Release|Any CPU.ActiveCfg = Release|Any CPU
		{AC5CFC4C-1EA7-4E7A-8D3F-0CFDDB0E67DE}.Release|Any CPU.Build.0 = Release|Any CPU
		{AA78D162-9146-493A-B98D-0601B08EF58E}.Debug|Any CPU.ActiveCfg = Debug|Any CPU
		{AA78D162-9146-493A-B98D-0601B08EF58E}.Debug|Any CPU.Build.0 = Debug|Any CPU
		{AA78D162-9146-493A-B98D-0601B08EF58E}.Release|Any CPU.ActiveCfg = Release|Any CPU
		{AA78D162-9146-493A-B98D-0601B08EF58E}.Release|Any CPU.Build.0 = Release|Any CPU
		{A28A0E9F-2418-4CEA-A70E-D3A88B070456}.Debug|Any CPU.ActiveCfg = Debug|Any CPU
		{A28A0E9F-2418-4CEA-A70E-D3A88B070456}.Debug|Any CPU.Build.0 = Debug|Any CPU
		{A28A0E9F-2418-4CEA-A70E-D3A88B070456}.Release|Any CPU.ActiveCfg = Release|Any CPU
		{A28A0E9F-2418-4CEA-A70E-D3A88B070456}.Release|Any CPU.Build.0 = Release|Any CPU
		{A4F734E2-C7C6-4C19-94B6-49DDCD05E04A}.Debug|Any CPU.ActiveCfg = Debug|Any CPU
		{A4F734E2-C7C6-4C19-94B6-49DDCD05E04A}.Debug|Any CPU.Build.0 = Debug|Any CPU
		{A4F734E2-C7C6-4C19-94B6-49DDCD05E04A}.Release|Any CPU.ActiveCfg = Release|Any CPU
		{A4F734E2-C7C6-4C19-94B6-49DDCD05E04A}.Release|Any CPU.Build.0 = Release|Any CPU
		{DA822396-DA4F-45CC-8AE5-A5A34223C5B4}.Debug|Any CPU.ActiveCfg = Debug|Any CPU
		{DA822396-DA4F-45CC-8AE5-A5A34223C5B4}.Debug|Any CPU.Build.0 = Debug|Any CPU
		{DA822396-DA4F-45CC-8AE5-A5A34223C5B4}.Release|Any CPU.ActiveCfg = Release|Any CPU
		{DA822396-DA4F-45CC-8AE5-A5A34223C5B4}.Release|Any CPU.Build.0 = Release|Any CPU
		{D6AC4F46-B8E1-4409-BF2E-BECE3287B2E2}.Debug|Any CPU.ActiveCfg = Debug|Any CPU
		{D6AC4F46-B8E1-4409-BF2E-BECE3287B2E2}.Debug|Any CPU.Build.0 = Debug|Any CPU
		{D6AC4F46-B8E1-4409-BF2E-BECE3287B2E2}.Release|Any CPU.ActiveCfg = Release|Any CPU
		{D6AC4F46-B8E1-4409-BF2E-BECE3287B2E2}.Release|Any CPU.Build.0 = Release|Any CPU
		{DF721197-76E5-4BAF-9CCC-3F085B8BDA7D}.Debug|Any CPU.ActiveCfg = Debug|Any CPU
		{DF721197-76E5-4BAF-9CCC-3F085B8BDA7D}.Debug|Any CPU.Build.0 = Debug|Any CPU
		{DF721197-76E5-4BAF-9CCC-3F085B8BDA7D}.Release|Any CPU.ActiveCfg = Release|Any CPU
		{DF721197-76E5-4BAF-9CCC-3F085B8BDA7D}.Release|Any CPU.Build.0 = Release|Any CPU
		{5158F4A6-6980-4BAB-8F70-5733F7479186}.Debug|Any CPU.ActiveCfg = Debug|Any CPU
		{5158F4A6-6980-4BAB-8F70-5733F7479186}.Debug|Any CPU.Build.0 = Debug|Any CPU
		{5158F4A6-6980-4BAB-8F70-5733F7479186}.Release|Any CPU.ActiveCfg = Release|Any CPU
		{5158F4A6-6980-4BAB-8F70-5733F7479186}.Release|Any CPU.Build.0 = Release|Any CPU
	EndGlobalSection
	GlobalSection(SolutionProperties) = preSolution
		HideSolutionNode = FALSE
	EndGlobalSection
	GlobalSection(NestedProjects) = preSolution
		{A5630E75-A47A-4F51-87B3-E9A7C9314F63} = {C1DB9557-CC4F-48C9-A85C-F82E9EC935E7}
		{5B7A0B95-D11B-4B68-A612-72A23D9C6E67} = {A5630E75-A47A-4F51-87B3-E9A7C9314F63}
		{C8254BFB-D483-4688-B42D-817C9A746B71} = {5B7A0B95-D11B-4B68-A612-72A23D9C6E67}
		{79C9C125-EF92-464D-8116-FC8B4373048F} = {A5630E75-A47A-4F51-87B3-E9A7C9314F63}
		{C984E912-C328-412C-A194-DAAAE2562101} = {79C9C125-EF92-464D-8116-FC8B4373048F}
		{D9F1DFA7-F3D5-4607-906E-131CCED0C2F5} = {C984E912-C328-412C-A194-DAAAE2562101}
		{A6B59350-4E38-41B9-B58B-6B6FDBF65710} = {C984E912-C328-412C-A194-DAAAE2562101}
		{612AF3B1-ED8E-464C-BB31-7E4099163262} = {A5630E75-A47A-4F51-87B3-E9A7C9314F63}
		{63F038EA-5B71-4559-8E83-1FC90E35168D} = {612AF3B1-ED8E-464C-BB31-7E4099163262}
		{DB8F5251-91D1-43A3-9F86-AFEB80921B81} = {63F038EA-5B71-4559-8E83-1FC90E35168D}
		{9607ACA8-B7C6-4E77-B310-038B1991E910} = {DB8F5251-91D1-43A3-9F86-AFEB80921B81}
		{F823E421-9F66-4953-AD78-7ED6D228AE59} = {DB8F5251-91D1-43A3-9F86-AFEB80921B81}
		{D3FB7B46-FE2A-4B78-BB04-EC4B834194C2} = {DB8F5251-91D1-43A3-9F86-AFEB80921B81}
		{8D280F4F-4203-4F6B-B8A7-F8A29B04726F} = {DB8F5251-91D1-43A3-9F86-AFEB80921B81}
		{3E9024CB-650D-489B-B351-4E2967ECC5B4} = {DB8F5251-91D1-43A3-9F86-AFEB80921B81}
		{12516BC3-3DE1-4FE2-9B7E-E63FB229CDFC} = {DB8F5251-91D1-43A3-9F86-AFEB80921B81}
		{AB08AB70-95D3-47F0-866C-3C39EE07AB47} = {DB8F5251-91D1-43A3-9F86-AFEB80921B81}
		{C2485E3B-0B43-4F03-91AD-79B40B678A09} = {DB8F5251-91D1-43A3-9F86-AFEB80921B81}
		{323050B2-0F58-4370-B4F2-9A0B6B2C8226} = {DB8F5251-91D1-43A3-9F86-AFEB80921B81}
		{8F76DE3C-4F54-49C7-95DC-38483FED6D59} = {DB8F5251-91D1-43A3-9F86-AFEB80921B81}
		{5A064BC0-D971-4E62-8290-C15783145998} = {DB8F5251-91D1-43A3-9F86-AFEB80921B81}
		{EED48BCF-8530-45DE-A9EF-A8A5F45A617A} = {DB8F5251-91D1-43A3-9F86-AFEB80921B81}
		{37CA933D-83BA-46E6-8AFD-54C234D37F9E} = {DB8F5251-91D1-43A3-9F86-AFEB80921B81}
		{C8E9343E-09F4-4D62-BF72-45E2BF2931C6} = {DB8F5251-91D1-43A3-9F86-AFEB80921B81}
		{29085AFB-3A21-4CC0-BDC9-4FDBDB061513} = {DB8F5251-91D1-43A3-9F86-AFEB80921B81}
		{AC5CFC4C-1EA7-4E7A-8D3F-0CFDDB0E67DE} = {DB8F5251-91D1-43A3-9F86-AFEB80921B81}
		{AA78D162-9146-493A-B98D-0601B08EF58E} = {DB8F5251-91D1-43A3-9F86-AFEB80921B81}
		{A28A0E9F-2418-4CEA-A70E-D3A88B070456} = {DB8F5251-91D1-43A3-9F86-AFEB80921B81}
		{A4F734E2-C7C6-4C19-94B6-49DDCD05E04A} = {DB8F5251-91D1-43A3-9F86-AFEB80921B81}
		{DA822396-DA4F-45CC-8AE5-A5A34223C5B4} = {DB8F5251-91D1-43A3-9F86-AFEB80921B81}
		{D6AC4F46-B8E1-4409-BF2E-BECE3287B2E2} = {DB8F5251-91D1-43A3-9F86-AFEB80921B81}
		{DF721197-76E5-4BAF-9CCC-3F085B8BDA7D} = {DB8F5251-91D1-43A3-9F86-AFEB80921B81}
		{5158F4A6-6980-4BAB-8F70-5733F7479186} = {DB8F5251-91D1-43A3-9F86-AFEB80921B81}
	EndGlobalSection
	GlobalSection(ExtensibilityGlobals) = postSolution
		SolutionGuid = {7BD5EBD6-911F-428E-8336-FE1219881EDC}
	EndGlobalSection
EndGlobal
