
Microsoft Visual Studio Solution File, Format Version 12.00
# Visual Studio Version 17
VisualStudioVersion = 17.7.34003.232
MinimumVisualStudioVersion = 10.0.40219.1
Project("{9A19103F-16F7-4668-BE54-9A1E7A4F7556}") = "mathcmd", "mathcmd.csproj", "{809287B0-3DAC-45B3-B9CB-F57CDBC35CE4}"
EndProject
Global
	GlobalSection(SolutionConfigurationPlatforms) = preSolution
		Debug|Any CPU = Debug|Any CPU
		Release|Any CPU = Release|Any CPU
	EndGlobalSection
	GlobalSection(ProjectConfigurationPlatforms) = postSolution
		{809287B0-3DAC-45B3-B9CB-F57CDBC35CE4}.Debug|Any CPU.ActiveCfg = Debug|Any CPU
		{809287B0-3DAC-45B3-B9CB-F57CDBC35CE4}.Debug|Any CPU.Build.0 = Debug|Any CPU
		{809287B0-3DAC-45B3-B9CB-F57CDBC35CE4}.Release|Any CPU.ActiveCfg = Release|Any CPU
		{809287B0-3DAC-45B3-B9CB-F57CDBC35CE4}.Release|Any CPU.Build.0 = Release|Any CPU
	EndGlobalSection
	GlobalSection(SolutionProperties) = preSolution
		HideSolutionNode = FALSE
	EndGlobalSection
	GlobalSection(ExtensibilityGlobals) = postSolution
		SolutionGuid = {E5C6C9D2-DDF7-446B-B80F-F148061B657D}
	EndGlobalSection
EndGlobal
